Microsoft Visual Studio Solution File, Format Version 12.00
# Visual Studio Version 17
VisualStudioVersion = 17.5.2.0
MinimumVisualStudioVersion = 10.0.40219.1
Project("{FAE04EC0-301F-11D3-BF4B-00C04F79EFBC}") = "DesafioPOO", "DesafioPOO\DesafioPOO.csproj", "{3D88D855-D052-1C06-3350-0259D139087E}"
EndProject
Global
	GlobalSection(SolutionConfigurationPlatforms) = preSolution
		Debug|Any CPU = Debug|Any CPU
		Release|Any CPU = Release|Any CPU
	EndGlobalSection
	GlobalSection(ProjectConfigurationPlatforms) = postSolution
		{3D88D855-D052-1C06-3350-0259D139087E}.Debug|Any CPU.ActiveCfg = Debug|Any CPU
		{3D88D855-D052-1C06-3350-0259D139087E}.Debug|Any CPU.Build.0 = Debug|Any CPU
		{3D88D855-D052-1C06-3350-0259D139087E}.Release|Any CPU.ActiveCfg = Release|Any CPU
		{3D88D855-D052-1C06-3350-0259D139087E}.Release|Any CPU.Build.0 = Release|Any CPU
	EndGlobalSection
	GlobalSection(SolutionProperties) = preSolution
		HideSolutionNode = FALSE
	EndGlobalSection
	GlobalSection(ExtensibilityGlobals) = postSolution
		SolutionGuid = {092B5BF2-E307-4A87-8D19-09B2E2AD2A8B}
	EndGlobalSection
EndGlobal
